
Microsoft Visual Studio Solution File, Format Version 12.00
# Visual Studio 2013
VisualStudioVersion = 12.0.21005.1
MinimumVisualStudioVersion = 10.0.40219.1
Project("{FAE04EC0-301F-11D3-BF4B-00C04F79EFBC}") = "Cubeer.Stock.Helper", "Cubeer.Stock.Helper\Cubeer.Stock.Helper.csproj", "{FC103743-3707-4023-B6A1-38D414787F9E}"
EndProject
Project("{FAE04EC0-301F-11D3-BF4B-00C04F79EFBC}") = "Cubeer.Common", "Cubeer.Common\Cubeer.Common.csproj", "{BB197AC4-0E6E-47D1-ACD1-9E4F24EDB3DF}"
EndProject
Global
	GlobalSection(SolutionConfigurationPlatforms) = preSolution
		Debug|Any CPU = Debug|Any CPU
		Release|Any CPU = Release|Any CPU
	EndGlobalSection
	GlobalSection(ProjectConfigurationPlatforms) = postSolution
		{FC103743-3707-4023-B6A1-38D414787F9E}.Debug|Any CPU.ActiveCfg = Debug|Any CPU
		{FC103743-3707-4023-B6A1-38D414787F9E}.Debug|Any CPU.Build.0 = Debug|Any CPU
		{FC103743-3707-4023-B6A1-38D414787F9E}.Release|Any CPU.ActiveCfg = Release|Any CPU
		{FC103743-3707-4023-B6A1-38D414787F9E}.Release|Any CPU.Build.0 = Release|Any CPU
		{BB197AC4-0E6E-47D1-ACD1-9E4F24EDB3DF}.Debug|Any CPU.ActiveCfg = Debug|Any CPU
		{BB197AC4-0E6E-47D1-ACD1-9E4F24EDB3DF}.Debug|Any CPU.Build.0 = Debug|Any CPU
		{BB197AC4-0E6E-47D1-ACD1-9E4F24EDB3DF}.Release|Any CPU.ActiveCfg = Release|Any CPU
		{BB197AC4-0E6E-47D1-ACD1-9E4F24EDB3DF}.Release|Any CPU.Build.0 = Release|Any CPU
	EndGlobalSection
	GlobalSection(SolutionProperties) = preSolution
		HideSolutionNode = FALSE
	EndGlobalSection
EndGlobal
